
Microsoft Visual Studio Solution File, Format Version 12.00
# Visual Studio 15
VisualStudioVersion = 15.0.26124.0
MinimumVisualStudioVersion = 15.0.26124.0
Project("{2150E333-8FDC-42A3-9474-1A3956D46DE8}") = "Source", "Source", "{FA7BBCE2-2B8E-43C6-AA5C-E9B0388FFF76}"
EndProject
Project("{FAE04EC0-301F-11D3-BF4B-00C04F79EFBC}") = "Debugging", "Source\AggregatedPackage\Debugging.csproj", "{C3124596-B115-4AD8-A5D3-06FE507555D2}"
EndProject
Project("{FAE04EC0-301F-11D3-BF4B-00C04F79EFBC}") = "SwaggerGen", "Source\SwaggerGen\SwaggerGen.csproj", "{B985E179-C595-404E-B637-C6F3A89ADD60}"
EndProject
Project("{FAE04EC0-301F-11D3-BF4B-00C04F79EFBC}") = "Swagger", "Source\Swagger\Swagger.csproj", "{7E49A5D9-98F0-4A0A-BAE1-E864093A0E38}"
EndProject
Project("{FAE04EC0-301F-11D3-BF4B-00C04F79EFBC}") = "Artifacts", "Source\Artifacts\Artifacts.csproj", "{C9E1868D-1769-419E-AF5E-1BF125530820}"
EndProject
Global
	GlobalSection(SolutionConfigurationPlatforms) = preSolution
		Debug|Any CPU = Debug|Any CPU
		Debug|x64 = Debug|x64
		Debug|x86 = Debug|x86
		Release|Any CPU = Release|Any CPU
		Release|x64 = Release|x64
		Release|x86 = Release|x86
	EndGlobalSection
	GlobalSection(SolutionProperties) = preSolution
		HideSolutionNode = FALSE
	EndGlobalSection
	GlobalSection(ProjectConfigurationPlatforms) = postSolution
		{C3124596-B115-4AD8-A5D3-06FE507555D2}.Debug|Any CPU.ActiveCfg = Debug|Any CPU
		{C3124596-B115-4AD8-A5D3-06FE507555D2}.Debug|Any CPU.Build.0 = Debug|Any CPU
		{C3124596-B115-4AD8-A5D3-06FE507555D2}.Debug|x64.ActiveCfg = Debug|Any CPU
		{C3124596-B115-4AD8-A5D3-06FE507555D2}.Debug|x64.Build.0 = Debug|Any CPU
		{C3124596-B115-4AD8-A5D3-06FE507555D2}.Debug|x86.ActiveCfg = Debug|Any CPU
		{C3124596-B115-4AD8-A5D3-06FE507555D2}.Debug|x86.Build.0 = Debug|Any CPU
		{C3124596-B115-4AD8-A5D3-06FE507555D2}.Release|Any CPU.ActiveCfg = Release|Any CPU
		{C3124596-B115-4AD8-A5D3-06FE507555D2}.Release|Any CPU.Build.0 = Release|Any CPU
		{C3124596-B115-4AD8-A5D3-06FE507555D2}.Release|x64.ActiveCfg = Release|Any CPU
		{C3124596-B115-4AD8-A5D3-06FE507555D2}.Release|x64.Build.0 = Release|Any CPU
		{C3124596-B115-4AD8-A5D3-06FE507555D2}.Release|x86.ActiveCfg = Release|Any CPU
		{C3124596-B115-4AD8-A5D3-06FE507555D2}.Release|x86.Build.0 = Release|Any CPU
		{B985E179-C595-404E-B637-C6F3A89ADD60}.Debug|Any CPU.ActiveCfg = Debug|Any CPU
		{B985E179-C595-404E-B637-C6F3A89ADD60}.Debug|Any CPU.Build.0 = Debug|Any CPU
		{B985E179-C595-404E-B637-C6F3A89ADD60}.Debug|x64.ActiveCfg = Debug|Any CPU
		{B985E179-C595-404E-B637-C6F3A89ADD60}.Debug|x64.Build.0 = Debug|Any CPU
		{B985E179-C595-404E-B637-C6F3A89ADD60}.Debug|x86.ActiveCfg = Debug|Any CPU
		{B985E179-C595-404E-B637-C6F3A89ADD60}.Debug|x86.Build.0 = Debug|Any CPU
		{B985E179-C595-404E-B637-C6F3A89ADD60}.Release|Any CPU.ActiveCfg = Release|Any CPU
		{B985E179-C595-404E-B637-C6F3A89ADD60}.Release|Any CPU.Build.0 = Release|Any CPU
		{B985E179-C595-404E-B637-C6F3A89ADD60}.Release|x64.ActiveCfg = Release|Any CPU
		{B985E179-C595-404E-B637-C6F3A89ADD60}.Release|x64.Build.0 = Release|Any CPU
		{B985E179-C595-404E-B637-C6F3A89ADD60}.Release|x86.ActiveCfg = Release|Any CPU
		{B985E179-C595-404E-B637-C6F3A89ADD60}.Release|x86.Build.0 = Release|Any CPU
		{7E49A5D9-98F0-4A0A-BAE1-E864093A0E38}.Debug|Any CPU.ActiveCfg = Debug|Any CPU
		{7E49A5D9-98F0-4A0A-BAE1-E864093A0E38}.Debug|Any CPU.Build.0 = Debug|Any CPU
		{7E49A5D9-98F0-4A0A-BAE1-E864093A0E38}.Debug|x64.ActiveCfg = Debug|Any CPU
		{7E49A5D9-98F0-4A0A-BAE1-E864093A0E38}.Debug|x64.Build.0 = Debug|Any CPU
		{7E49A5D9-98F0-4A0A-BAE1-E864093A0E38}.Debug|x86.ActiveCfg = Debug|Any CPU
		{7E49A5D9-98F0-4A0A-BAE1-E864093A0E38}.Debug|x86.Build.0 = Debug|Any CPU
		{7E49A5D9-98F0-4A0A-BAE1-E864093A0E38}.Release|Any CPU.ActiveCfg = Release|Any CPU
		{7E49A5D9-98F0-4A0A-BAE1-E864093A0E38}.Release|Any CPU.Build.0 = Release|Any CPU
		{7E49A5D9-98F0-4A0A-BAE1-E864093A0E38}.Release|x64.ActiveCfg = Release|Any CPU
		{7E49A5D9-98F0-4A0A-BAE1-E864093A0E38}.Release|x64.Build.0 = Release|Any CPU
		{7E49A5D9-98F0-4A0A-BAE1-E864093A0E38}.Release|x86.ActiveCfg = Release|Any CPU
		{7E49A5D9-98F0-4A0A-BAE1-E864093A0E38}.Release|x86.Build.0 = Release|Any CPU
		{C9E1868D-1769-419E-AF5E-1BF125530820}.Debug|Any CPU.ActiveCfg = Debug|Any CPU
		{C9E1868D-1769-419E-AF5E-1BF125530820}.Debug|Any CPU.Build.0 = Debug|Any CPU
		{C9E1868D-1769-419E-AF5E-1BF125530820}.Debug|x64.ActiveCfg = Debug|Any CPU
		{C9E1868D-1769-419E-AF5E-1BF125530820}.Debug|x64.Build.0 = Debug|Any CPU
		{C9E1868D-1769-419E-AF5E-1BF125530820}.Debug|x86.ActiveCfg = Debug|Any CPU
		{C9E1868D-1769-419E-AF5E-1BF125530820}.Debug|x86.Build.0 = Debug|Any CPU
		{C9E1868D-1769-419E-AF5E-1BF125530820}.Release|Any CPU.ActiveCfg = Release|Any CPU
		{C9E1868D-1769-419E-AF5E-1BF125530820}.Release|Any CPU.Build.0 = Release|Any CPU
		{C9E1868D-1769-419E-AF5E-1BF125530820}.Release|x64.ActiveCfg = Release|Any CPU
		{C9E1868D-1769-419E-AF5E-1BF125530820}.Release|x64.Build.0 = Release|Any CPU
		{C9E1868D-1769-419E-AF5E-1BF125530820}.Release|x86.ActiveCfg = Release|Any CPU
		{C9E1868D-1769-419E-AF5E-1BF125530820}.Release|x86.Build.0 = Release|Any CPU
	EndGlobalSection
	GlobalSection(NestedProjects) = preSolution
		{C3124596-B115-4AD8-A5D3-06FE507555D2} = {FA7BBCE2-2B8E-43C6-AA5C-E9B0388FFF76}
		{B985E179-C595-404E-B637-C6F3A89ADD60} = {FA7BBCE2-2B8E-43C6-AA5C-E9B0388FFF76}
		{7E49A5D9-98F0-4A0A-BAE1-E864093A0E38} = {FA7BBCE2-2B8E-43C6-AA5C-E9B0388FFF76}
		{C9E1868D-1769-419E-AF5E-1BF125530820} = {FA7BBCE2-2B8E-43C6-AA5C-E9B0388FFF76}
	EndGlobalSection
EndGlobal
